
Microsoft Visual Studio Solution File, Format Version 12.00
# Visual Studio Version 17
VisualStudioVersion = 17.14.36414.22
MinimumVisualStudioVersion = 10.0.40219.1
Project("{FAE04EC0-301F-11D3-BF4B-00C04F79EFBC}") = "ElevatorSystem", "ElevatorSystem\ElevatorSystem.csproj", "{567274CD-D67D-46A8-8180-08680F0601BE}"
EndProject
Project("{FAE04EC0-301F-11D3-BF4B-00C04F79EFBC}") = "ElevatorControlSystem.Core", "ElevatorControlSystem.Core\ElevatorControlSystem.Core.csproj", "{32CE8277-1CE7-4662-8EC5-0239AE1A433C}"
EndProject
Project("{FAE04EC0-301F-11D3-BF4B-00C04F79EFBC}") = "ElevatorControlSystem.Tests", "ElevatorControlSystem.Tests\ElevatorControlSystem.Tests.csproj", "{4067FB14-3B91-43FA-BFF8-E2AEB1F6D123}"
EndProject
Global
	GlobalSection(SolutionConfigurationPlatforms) = preSolution
		Debug|Any CPU = Debug|Any CPU
		Release|Any CPU = Release|Any CPU
	EndGlobalSection
	GlobalSection(ProjectConfigurationPlatforms) = postSolution
		{567274CD-D67D-46A8-8180-08680F0601BE}.Debug|Any CPU.ActiveCfg = Debug|Any CPU
		{567274CD-D67D-46A8-8180-08680F0601BE}.Debug|Any CPU.Build.0 = Debug|Any CPU
		{567274CD-D67D-46A8-8180-08680F0601BE}.Release|Any CPU.ActiveCfg = Release|Any CPU
		{567274CD-D67D-46A8-8180-08680F0601BE}.Release|Any CPU.Build.0 = Release|Any CPU
		{32CE8277-1CE7-4662-8EC5-0239AE1A433C}.Debug|Any CPU.ActiveCfg = Debug|Any CPU
		{32CE8277-1CE7-4662-8EC5-0239AE1A433C}.Debug|Any CPU.Build.0 = Debug|Any CPU
		{32CE8277-1CE7-4662-8EC5-0239AE1A433C}.Release|Any CPU.ActiveCfg = Release|Any CPU
		{32CE8277-1CE7-4662-8EC5-0239AE1A433C}.Release|Any CPU.Build.0 = Release|Any CPU
		{4067FB14-3B91-43FA-BFF8-E2AEB1F6D123}.Debug|Any CPU.ActiveCfg = Debug|Any CPU
		{4067FB14-3B91-43FA-BFF8-E2AEB1F6D123}.Debug|Any CPU.Build.0 = Debug|Any CPU
		{4067FB14-3B91-43FA-BFF8-E2AEB1F6D123}.Release|Any CPU.ActiveCfg = Release|Any CPU
		{4067FB14-3B91-43FA-BFF8-E2AEB1F6D123}.Release|Any CPU.Build.0 = Release|Any CPU
	EndGlobalSection
	GlobalSection(SolutionProperties) = preSolution
		HideSolutionNode = FALSE
	EndGlobalSection
	GlobalSection(ExtensibilityGlobals) = postSolution
		SolutionGuid = {7ABA814E-3ED4-4E25-B336-4FF04DE325A5}
	EndGlobalSection
EndGlobal
